---
lockfileVersion: 1
lockfileVendor: redhat
arches:
- arch: aarch64
  packages:
  - url: https://cdn-ubi.redhat.com/content/public/ubi/dist/ubi9/9/aarch64/appstream/os/Packages/a/annobin-12.98-2.el9.aarch64.rpm
    repoid: ubi-9-for-aarch64-appstream-rpms
    size: 1120755
    checksum: sha256:262aed79fa857210c9fee35c11b855f4f1d36341392a6942c124e0329fe7f8a4
    name: annobin
    evr: 12.98-2.el9
    sourcerpm: annobin-12.98-2.el9.src.rpm
  - url: https://cdn-ubi.redhat.com/content/public/ubi/dist/ubi9/9/aarch64/appstream/os/Packages/c/cargo-1.92.0-1.el9.aarch64.rpm
    repoid: ubi-9-for-aarch64-appstream-rpms
    size: 8530651
    checksum: sha256:14ac2d264369b0ac4442d6b773224765413282ea996dac29cf576c176c8cdcba
    name: cargo
    evr: 1.92.0-1.el9
    sourcerpm: rust-1.92.0-1.el9.src.rpm
  - url: https://cdn-ubi.redhat.com/content/public/ubi/dist/ubi9/9/aarch64/appstream/os/Packages/l/llvm-filesystem-21.1.8-2.el9.aarch64.rpm
    repoid: ubi-9-for-aarch64-appstream-rpms
    size: 20175
    checksum: sha256:87b55002280f29f59e8452cf184307ce0ffcf613a8967f726cb5b3438ecbc70a
    name: llvm-filesystem
    evr: 21.1.8-2.el9
    sourcerpm: llvm-21.1.8-2.el9.src.rpm
  - url: https://cdn-ubi.redhat.com/content/public/ubi/dist/ubi9/9/aarch64/appstream/os/Packages/l/llvm-libs-21.1.8-2.el9.aarch64.rpm
    repoid: ubi-9-for-aarch64-appstream-rpms
    size: 31011258
    checksum: sha256:47a47b60c922d628f7e0fa6c7e58484cd416221d6fbcd2b4708f5c901d6aecb4
    name: llvm-libs
    evr: 21.1.8-2.el9
    sourcerpm: llvm-21.1.8-2.el9.src.rpm
  - url: https://cdn-ubi.redhat.com/content/public/ubi/dist/ubi9/9/aarch64/appstream/os/Packages/r/rust-1.92.0-1.el9.aarch64.rpm
    repoid: ubi-9-for-aarch64-appstream-rpms
    size: 29421295
    checksum: sha256:43a1b0f5168a39ceea3fd90d42b23bc05d006d639cd35cfdad82a4f94aa58453
    name: rust
    evr: 1.92.0-1.el9
    sourcerpm: rust-1.92.0-1.el9.src.rpm
  - url: https://cdn-ubi.redhat.com/content/public/ubi/dist/ubi9/9/aarch64/appstream/os/Packages/r/rust-std-static-1.92.0-1.el9.aarch64.rpm
    repoid: ubi-9-for-aarch64-appstream-rpms
    size: 41493155
    checksum: sha256:3b3a70a8e11f53559c4b84927ebd0565a073052bac2c53edda6cb328bfb28090
    name: rust-std-static
    evr: 1.92.0-1.el9
    sourcerpm: rust-1.92.0-1.el9.src.rpm
  - url: https://cdn-ubi.redhat.com/content/public/ubi/dist/ubi9/9/aarch64/codeready-builder/os/Packages/n/ninja-build-1.10.2-6.el9.aarch64.rpm
    repoid: codeready-builder-for-ubi-9-aarch64-rpms
    size: 146570
    checksum: sha256:c6de7ce1a2bf12de2a6a5bc204e2be8a80adeba77c2074bc0bb7b8fdb1259e40
    name: ninja-build
    evr: 1.10.2-6.el9
    sourcerpm: ninja-build-1.10.2-6.el9.src.rpm
  source:
  - url: https://cdn-ubi.redhat.com/content/public/ubi/dist/ubi9/9/aarch64/appstream/source/SRPMS/Packages/a/annobin-12.98-2.el9.src.rpm
    repoid: ubi-9-for-aarch64-appstream-source-rpms
    size: 1017147
    checksum: sha256:6724882369b201d4cc564b60c5c8271e30f3622488f27b844a2748a52da9287a
    name: annobin
    evr: 12.98-2.el9
  - url: https://cdn-ubi.redhat.com/content/public/ubi/dist/ubi9/9/aarch64/appstream/source/SRPMS/Packages/l/llvm-21.1.8-2.el9.src.rpm
    repoid: ubi-9-for-aarch64-appstream-source-rpms
    size: 159117579
    checksum: sha256:874ba2fef672cefaf755ca1b7811bc69c98466039bf06f38009336f8d552d87a
    name: llvm
    evr: 21.1.8-2.el9
  - url: https://cdn-ubi.redhat.com/content/public/ubi/dist/ubi9/9/aarch64/appstream/source/SRPMS/Packages/r/rust-1.92.0-1.el9.src.rpm
    repoid: ubi-9-for-aarch64-appstream-source-rpms
    size: 273467363
    checksum: sha256:ce5ba5cdce92a48756096032a97da81ea4e893dd546f2f149ea0f5755bfa9c7e
    name: rust
    evr: 1.92.0-1.el9
  - url: https://cdn-ubi.redhat.com/content/public/ubi/dist/ubi9/9/aarch64/codeready-builder/source/SRPMS/Packages/n/ninja-build-1.10.2-6.el9.src.rpm
    repoid: codeready-builder-for-ubi-9-aarch64-source-rpms
    size: 227908
    checksum: sha256:0461eebf9c0def0b11f42b9f7e7a455a945da6cbd4796ff015eb2a1dcbae175b
    name: ninja-build
    evr: 1.10.2-6.el9
  module_metadata: []
- arch: ppc64le
  packages:
  - url: https://cdn-ubi.redhat.com/content/public/ubi/dist/ubi9/9/ppc64le/appstream/os/Packages/a/annobin-12.98-2.el9.ppc64le.rpm
    repoid: ubi-9-for-ppc64le-appstream-rpms
    size: 1126819
    checksum: sha256:42730aeb7c10f655d820481d2f2fbb5a0de2ed0db5430a084951ad4cfba5e3c3
    name: annobin
    evr: 12.98-2.el9
    sourcerpm: annobin-12.98-2.el9.src.rpm
  - url: https://cdn-ubi.redhat.com/content/public/ubi/dist/ubi9/9/ppc64le/appstream/os/Packages/c/cargo-1.92.0-1.el9.ppc64le.rpm
    repoid: ubi-9-for-ppc64le-appstream-rpms
    size: 9266986
    checksum: sha256:cc1c6813a0715bf1c69a23fac405648fa2184a5acda69400a32c2316b98fa449
    name: cargo
    evr: 1.92.0-1.el9
    sourcerpm: rust-1.92.0-1.el9.src.rpm
  - url: https://cdn-ubi.redhat.com/content/public/ubi/dist/ubi9/9/ppc64le/appstream/os/Packages/l/llvm-filesystem-21.1.8-2.el9.ppc64le.rpm
    repoid: ubi-9-for-ppc64le-appstream-rpms
    size: 20200
    checksum: sha256:7ff99271b8f63783fb4e87a8d5e3598003d6e57adfddde4cafa00a004461b8d3
    name: llvm-filesystem
    evr: 21.1.8-2.el9
    sourcerpm: llvm-21.1.8-2.el9.src.rpm
  - url: https://cdn-ubi.redhat.com/content/public/ubi/dist/ubi9/9/ppc64le/appstream/os/Packages/l/llvm-libs-21.1.8-2.el9.ppc64le.rpm
    repoid: ubi-9-for-ppc64le-appstream-rpms
    size: 32177332
    checksum: sha256:eb3f56ba5ab503916576404eba3d112f074833acddf97f13dae80c36fedf4ae4
    name: llvm-libs
    evr: 21.1.8-2.el9
    sourcerpm: llvm-21.1.8-2.el9.src.rpm
  - url: https://cdn-ubi.redhat.com/content/public/ubi/dist/ubi9/9/ppc64le/appstream/os/Packages/r/rust-1.92.0-1.el9.ppc64le.rpm
    repoid: ubi-9-for-ppc64le-appstream-rpms
    size: 31685847
    checksum: sha256:a5000bcbac21a39015c5e82612cae146e73d5508173cc7ea7a3b524d3d85a770
    name: rust
    evr: 1.92.0-1.el9
    sourcerpm: rust-1.92.0-1.el9.src.rpm
  - url: https://cdn-ubi.redhat.com/content/public/ubi/dist/ubi9/9/ppc64le/appstream/os/Packages/r/rust-std-static-1.92.0-1.el9.ppc64le.rpm
    repoid: ubi-9-for-ppc64le-appstream-rpms
    size: 39037990
    checksum: sha256:664d152c7a36efe56571ed95afa722a6408e53f032bd4c219d60ef3520b9bf97
    name: rust-std-static
    evr: 1.92.0-1.el9
    sourcerpm: rust-1.92.0-1.el9.src.rpm
  - url: https://cdn-ubi.redhat.com/content/public/ubi/dist/ubi9/9/ppc64le/codeready-builder/os/Packages/n/ninja-build-1.10.2-6.el9.ppc64le.rpm
    repoid: codeready-builder-for-ubi-9-ppc64le-rpms
    size: 159924
    checksum: sha256:733bc0851d34fe333574b07d8cebda15e562f5f141989d5155196cc5925797d7
    name: ninja-build
    evr: 1.10.2-6.el9
    sourcerpm: ninja-build-1.10.2-6.el9.src.rpm
  source:
  - url: https://cdn-ubi.redhat.com/content/public/ubi/dist/ubi9/9/ppc64le/appstream/source/SRPMS/Packages/a/annobin-12.98-2.el9.src.rpm
    repoid: ubi-9-for-ppc64le-appstream-source-rpms
    size: 1017147
    checksum: sha256:6724882369b201d4cc564b60c5c8271e30f3622488f27b844a2748a52da9287a
    name: annobin
    evr: 12.98-2.el9
  - url: https://cdn-ubi.redhat.com/content/public/ubi/dist/ubi9/9/ppc64le/appstream/source/SRPMS/Packages/l/llvm-21.1.8-2.el9.src.rpm
    repoid: ubi-9-for-ppc64le-appstream-source-rpms
    size: 159117579
    checksum: sha256:874ba2fef672cefaf755ca1b7811bc69c98466039bf06f38009336f8d552d87a
    name: llvm
    evr: 21.1.8-2.el9
  - url: https://cdn-ubi.redhat.com/content/public/ubi/dist/ubi9/9/ppc64le/appstream/source/SRPMS/Packages/r/rust-1.92.0-1.el9.src.rpm
    repoid: ubi-9-for-ppc64le-appstream-source-rpms
    size: 273467363
    checksum: sha256:ce5ba5cdce92a48756096032a97da81ea4e893dd546f2f149ea0f5755bfa9c7e
    name: rust
    evr: 1.92.0-1.el9
  - url: https://cdn-ubi.redhat.com/content/public/ubi/dist/ubi9/9/ppc64le/codeready-builder/source/SRPMS/Packages/n/ninja-build-1.10.2-6.el9.src.rpm
    repoid: codeready-builder-for-ubi-9-ppc64le-source-rpms
    size: 227908
    checksum: sha256:0461eebf9c0def0b11f42b9f7e7a455a945da6cbd4796ff015eb2a1dcbae175b
    name: ninja-build
    evr: 1.10.2-6.el9
  module_metadata: []
- arch: s390x
  packages:
  - url: https://cdn-ubi.redhat.com/content/public/ubi/dist/ubi9/9/s390x/appstream/os/Packages/a/annobin-12.98-2.el9.s390x.rpm
    repoid: ubi-9-for-s390x-appstream-rpms
    size: 1120442
    checksum: sha256:0fcac4e48c95b42a52d909cfb77991e6596549fc918d8a040e270299fbd5c459
    name: annobin
    evr: 12.98-2.el9
    sourcerpm: annobin-12.98-2.el9.src.rpm
  - url: https://cdn-ubi.redhat.com/content/public/ubi/dist/ubi9/9/s390x/appstream/os/Packages/c/cargo-1.92.0-1.el9.s390x.rpm
    repoid: ubi-9-for-s390x-appstream-rpms
    size: 9514865
    checksum: sha256:c4df518f9d3eba1a272a83b4cd8e3bd468a16ecd54d1a6254f63213b224e4eb5
    name: cargo
    evr: 1.92.0-1.el9
    sourcerpm: rust-1.92.0-1.el9.src.rpm
  - url: https://cdn-ubi.redhat.com/content/public/ubi/dist/ubi9/9/s390x/appstream/os/Packages/l/llvm-filesystem-21.1.8-2.el9.s390x.rpm
    repoid: ubi-9-for-s390x-appstream-rpms
    size: 20200
    checksum: sha256:7f0a12372b87b0d82b7c4ac2a9e9acebc0f42cc184d579bb1469ecad209e12fb
    name: llvm-filesystem
    evr: 21.1.8-2.el9
    sourcerpm: llvm-21.1.8-2.el9.src.rpm
  - url: https://cdn-ubi.redhat.com/content/public/ubi/dist/ubi9/9/s390x/appstream/os/Packages/l/llvm-libs-21.1.8-2.el9.s390x.rpm
    repoid: ubi-9-for-s390x-appstream-rpms
    size: 32803172
    checksum: sha256:7e75d1517ff7f8916cb8832aa9ef632a2e4ec376b82f43c59a67ac839bf73fa5
    name: llvm-libs
    evr: 21.1.8-2.el9
    sourcerpm: llvm-21.1.8-2.el9.src.rpm
  - url: https://cdn-ubi.redhat.com/content/public/ubi/dist/ubi9/9/s390x/appstream/os/Packages/r/rust-1.92.0-1.el9.s390x.rpm
    repoid: ubi-9-for-s390x-appstream-rpms
    size: 32021803
    checksum: sha256:9040ef6ff3d6559661f638e1bae3d0a599d4af26e7819e454a56740407d70125
    name: rust
    evr: 1.92.0-1.el9
    sourcerpm: rust-1.92.0-1.el9.src.rpm
  - url: https://cdn-ubi.redhat.com/content/public/ubi/dist/ubi9/9/s390x/appstream/os/Packages/r/rust-std-static-1.92.0-1.el9.s390x.rpm
    repoid: ubi-9-for-s390x-appstream-rpms
    size: 41144130
    checksum: sha256:f0f403046fb66ba3316c60407a7e2b4e9f93a530719c17c4f2bf3d1f8f11e967
    name: rust-std-static
    evr: 1.92.0-1.el9
    sourcerpm: rust-1.92.0-1.el9.src.rpm
  - url: https://cdn-ubi.redhat.com/content/public/ubi/dist/ubi9/9/s390x/codeready-builder/os/Packages/n/ninja-build-1.10.2-6.el9.s390x.rpm
    repoid: codeready-builder-for-ubi-9-s390x-rpms
    size: 148716
    checksum: sha256:cf488d4dc7518d6ca1df602e07f5d5962ad50e035a40c2b4d22865665af357fa
    name: ninja-build
    evr: 1.10.2-6.el9
    sourcerpm: ninja-build-1.10.2-6.el9.src.rpm
  source:
  - url: https://cdn-ubi.redhat.com/content/public/ubi/dist/ubi9/9/s390x/appstream/source/SRPMS/Packages/a/annobin-12.98-2.el9.src.rpm
    repoid: ubi-9-for-s390x-appstream-source-rpms
    size: 1017147
    checksum: sha256:6724882369b201d4cc564b60c5c8271e30f3622488f27b844a2748a52da9287a
    name: annobin
    evr: 12.98-2.el9
  - url: https://cdn-ubi.redhat.com/content/public/ubi/dist/ubi9/9/s390x/appstream/source/SRPMS/Packages/l/llvm-21.1.8-2.el9.src.rpm
    repoid: ubi-9-for-s390x-appstream-source-rpms
    size: 159117579
    checksum: sha256:874ba2fef672cefaf755ca1b7811bc69c98466039bf06f38009336f8d552d87a
    name: llvm
    evr: 21.1.8-2.el9
  - url: https://cdn-ubi.redhat.com/content/public/ubi/dist/ubi9/9/s390x/appstream/source/SRPMS/Packages/r/rust-1.92.0-1.el9.src.rpm
    repoid: ubi-9-for-s390x-appstream-source-rpms
    size: 273467363
    checksum: sha256:ce5ba5cdce92a48756096032a97da81ea4e893dd546f2f149ea0f5755bfa9c7e
    name: rust
    evr: 1.92.0-1.el9
  - url: https://cdn-ubi.redhat.com/content/public/ubi/dist/ubi9/9/s390x/codeready-builder/source/SRPMS/Packages/n/ninja-build-1.10.2-6.el9.src.rpm
    repoid: codeready-builder-for-ubi-9-s390x-source-rpms
    size: 227908
    checksum: sha256:0461eebf9c0def0b11f42b9f7e7a455a945da6cbd4796ff015eb2a1dcbae175b
    name: ninja-build
    evr: 1.10.2-6.el9
  module_metadata: []
- arch: x86_64
  packages:
  - url: https://cdn-ubi.redhat.com/content/public/ubi/dist/ubi9/9/x86_64/appstream/os/Packages/a/annobin-12.98-2.el9.x86_64.rpm
    repoid: ubi-9-for-x86_64-appstream-rpms
    size: 1121890
    checksum: sha256:a27f53f146f65d077290eccdd1a4fd58c2a761a31baad860aa4961961d52d509
    name: annobin
    evr: 12.98-2.el9
    sourcerpm: annobin-12.98-2.el9.src.rpm
  - url: https://cdn-ubi.redhat.com/content/public/ubi/dist/ubi9/9/x86_64/appstream/os/Packages/c/cargo-1.92.0-1.el9.x86_64.rpm
    repoid: ubi-9-for-x86_64-appstream-rpms
    size: 9100626
    checksum: sha256:3c4afc2cb56734d01aaaaa8d0c317688f6fe143ad239079342f4fe9b631ded0f
    name: cargo
    evr: 1.92.0-1.el9
    sourcerpm: rust-1.92.0-1.el9.src.rpm
  - url: https://cdn-ubi.redhat.com/content/public/ubi/dist/ubi9/9/x86_64/appstream/os/Packages/l/llvm-filesystem-21.1.8-2.el9.x86_64.rpm
    repoid: ubi-9-for-x86_64-appstream-rpms
    size: 20224
    checksum: sha256:b54fc55927e26da6954bbf9a396735a2a29383b15fe9e3d70b9d24cd90b1c500
    name: llvm-filesystem
    evr: 21.1.8-2.el9
    sourcerpm: llvm-21.1.8-2.el9.src.rpm
  - url: https://cdn-ubi.redhat.com/content/public/ubi/dist/ubi9/9/x86_64/appstream/os/Packages/l/llvm-libs-21.1.8-2.el9.x86_64.rpm
    repoid: ubi-9-for-x86_64-appstream-rpms
    size: 32586819
    checksum: sha256:6c71c84a680f89a551b312eac90c9ae2899c3bdfaacdc809e39d7da968657d5a
    name: llvm-libs
    evr: 21.1.8-2.el9
    sourcerpm: llvm-21.1.8-2.el9.src.rpm
  - url: https://cdn-ubi.redhat.com/content/public/ubi/dist/ubi9/9/x86_64/appstream/os/Packages/r/rust-1.92.0-1.el9.x86_64.rpm
    repoid: ubi-9-for-x86_64-appstream-rpms
    size: 31511504
    checksum: sha256:fbc70b11f38999206d70a104789d1f7f21ca9f9090c7a73d6db337bff4f5205b
    name: rust
    evr: 1.92.0-1.el9
    sourcerpm: rust-1.92.0-1.el9.src.rpm
  - url: https://cdn-ubi.redhat.com/content/public/ubi/dist/ubi9/9/x86_64/appstream/os/Packages/r/rust-std-static-1.92.0-1.el9.x86_64.rpm
    repoid: ubi-9-for-x86_64-appstream-rpms
    size: 42991765
    checksum: sha256:d286394aaa75a796a06db130d2a980bee8e6ab4cbaa38a3b84e12379fbae4671
    name: rust-std-static
    evr: 1.92.0-1.el9
    sourcerpm: rust-1.92.0-1.el9.src.rpm
  - url: https://cdn-ubi.redhat.com/content/public/ubi/dist/ubi9/9/x86_64/codeready-builder/os/Packages/n/ninja-build-1.10.2-6.el9.x86_64.rpm
    repoid: codeready-builder-for-ubi-9-x86_64-rpms
    size: 153299
    checksum: sha256:1140bec45c316942f870c28fdede79c185a2e09adc48bada42a5610783d56400
    name: ninja-build
    evr: 1.10.2-6.el9
    sourcerpm: ninja-build-1.10.2-6.el9.src.rpm
  source:
  - url: https://cdn-ubi.redhat.com/content/public/ubi/dist/ubi9/9/x86_64/appstream/source/SRPMS/Packages/a/annobin-12.98-2.el9.src.rpm
    repoid: ubi-9-for-x86_64-appstream-source-rpms
    size: 1017147
    checksum: sha256:6724882369b201d4cc564b60c5c8271e30f3622488f27b844a2748a52da9287a
    name: annobin
    evr: 12.98-2.el9
  - url: https://cdn-ubi.redhat.com/content/public/ubi/dist/ubi9/9/x86_64/appstream/source/SRPMS/Packages/l/llvm-21.1.8-2.el9.src.rpm
    repoid: ubi-9-for-x86_64-appstream-source-rpms
    size: 159117579
    checksum: sha256:874ba2fef672cefaf755ca1b7811bc69c98466039bf06f38009336f8d552d87a
    name: llvm
    evr: 21.1.8-2.el9
  - url: https://cdn-ubi.redhat.com/content/public/ubi/dist/ubi9/9/x86_64/appstream/source/SRPMS/Packages/r/rust-1.92.0-1.el9.src.rpm
    repoid: ubi-9-for-x86_64-appstream-source-rpms
    size: 273467363
    checksum: sha256:ce5ba5cdce92a48756096032a97da81ea4e893dd546f2f149ea0f5755bfa9c7e
    name: rust
    evr: 1.92.0-1.el9
  - url: https://cdn-ubi.redhat.com/content/public/ubi/dist/ubi9/9/x86_64/codeready-builder/source/SRPMS/Packages/n/ninja-build-1.10.2-6.el9.src.rpm
    repoid: codeready-builder-for-ubi-9-x86_64-source-rpms
    size: 227908
    checksum: sha256:0461eebf9c0def0b11f42b9f7e7a455a945da6cbd4796ff015eb2a1dcbae175b
    name: ninja-build
    evr: 1.10.2-6.el9
  module_metadata: []
