---
lockfileVersion: 1
lockfileVendor: redhat
arches:
- arch: aarch64
  packages:
  - url: https://cdn-ubi.redhat.com/content/public/ubi/dist/ubi9/9/aarch64/appstream/os/Packages/c/cargo-1.92.0-2.el9_8.aarch64.rpm
    repoid: ubi-9-for-aarch64-appstream-rpms
    size: 8531221
    checksum: sha256:82aa6ebbffe76188be0eef2e1dec030861a9ea513138a1d39567b0028ee787d0
    name: cargo
    evr: 1.92.0-2.el9_8
    sourcerpm: rust-1.92.0-2.el9_8.src.rpm
  - url: https://cdn-ubi.redhat.com/content/public/ubi/dist/ubi9/9/aarch64/appstream/os/Packages/r/rust-1.92.0-2.el9_8.aarch64.rpm
    repoid: ubi-9-for-aarch64-appstream-rpms
    size: 29432854
    checksum: sha256:581cfaf221e8f4e402e101b044152070b2bccfdd34c0343e9f00bc686b1842e4
    name: rust
    evr: 1.92.0-2.el9_8
    sourcerpm: rust-1.92.0-2.el9_8.src.rpm
  - url: https://cdn-ubi.redhat.com/content/public/ubi/dist/ubi9/9/aarch64/appstream/os/Packages/r/rust-std-static-1.92.0-2.el9_8.aarch64.rpm
    repoid: ubi-9-for-aarch64-appstream-rpms
    size: 41509951
    checksum: sha256:f2c6fbaa5a01c4c4ad2f73b282aa47ae28091b03a779f4ad846fa4fceba9e1bb
    name: rust-std-static
    evr: 1.92.0-2.el9_8
    sourcerpm: rust-1.92.0-2.el9_8.src.rpm
  - url: https://cdn-ubi.redhat.com/content/public/ubi/dist/ubi9/9/aarch64/codeready-builder/os/Packages/n/ninja-build-1.10.2-6.el9.aarch64.rpm
    repoid: codeready-builder-for-ubi-9-aarch64-rpms
    size: 146570
    checksum: sha256:c6de7ce1a2bf12de2a6a5bc204e2be8a80adeba77c2074bc0bb7b8fdb1259e40
    name: ninja-build
    evr: 1.10.2-6.el9
    sourcerpm: ninja-build-1.10.2-6.el9.src.rpm
  source:
  - url: https://cdn-ubi.redhat.com/content/public/ubi/dist/ubi9/9/aarch64/appstream/source/SRPMS/Packages/r/rust-1.92.0-2.el9_8.src.rpm
    repoid: ubi-9-for-aarch64-appstream-source-rpms
    size: 273467898
    checksum: sha256:e8ed8833688bb1cd2b79bb4a2a63f0ef299fd9d656e5015043949830c36aff97
    name: rust
    evr: 1.92.0-2.el9_8
  - url: https://cdn-ubi.redhat.com/content/public/ubi/dist/ubi9/9/aarch64/codeready-builder/source/SRPMS/Packages/n/ninja-build-1.10.2-6.el9.src.rpm
    repoid: codeready-builder-for-ubi-9-aarch64-source-rpms
    size: 227908
    checksum: sha256:0461eebf9c0def0b11f42b9f7e7a455a945da6cbd4796ff015eb2a1dcbae175b
    name: ninja-build
    evr: 1.10.2-6.el9
  module_metadata: []
- arch: ppc64le
  packages:
  - url: https://cdn-ubi.redhat.com/content/public/ubi/dist/ubi9/9/ppc64le/appstream/os/Packages/c/cargo-1.92.0-2.el9_8.ppc64le.rpm
    repoid: ubi-9-for-ppc64le-appstream-rpms
    size: 9258716
    checksum: sha256:674bc8cdb090a652ebebb4937ea4c0583b57e08f2622be8e71fc0d00551284ef
    name: cargo
    evr: 1.92.0-2.el9_8
    sourcerpm: rust-1.92.0-2.el9_8.src.rpm
  - url: https://cdn-ubi.redhat.com/content/public/ubi/dist/ubi9/9/ppc64le/appstream/os/Packages/r/rust-1.92.0-2.el9_8.ppc64le.rpm
    repoid: ubi-9-for-ppc64le-appstream-rpms
    size: 31668809
    checksum: sha256:686666772ab2512fe40e969b983ec89e12bbfe91afed0b888dc339793db61190
    name: rust
    evr: 1.92.0-2.el9_8
    sourcerpm: rust-1.92.0-2.el9_8.src.rpm
  - url: https://cdn-ubi.redhat.com/content/public/ubi/dist/ubi9/9/ppc64le/appstream/os/Packages/r/rust-std-static-1.92.0-2.el9_8.ppc64le.rpm
    repoid: ubi-9-for-ppc64le-appstream-rpms
    size: 39094474
    checksum: sha256:46bcc045e749ae9d3c05af0185146f328c534e19871d0cc3d6e28732c4393a61
    name: rust-std-static
    evr: 1.92.0-2.el9_8
    sourcerpm: rust-1.92.0-2.el9_8.src.rpm
  - url: https://cdn-ubi.redhat.com/content/public/ubi/dist/ubi9/9/ppc64le/codeready-builder/os/Packages/n/ninja-build-1.10.2-6.el9.ppc64le.rpm
    repoid: codeready-builder-for-ubi-9-ppc64le-rpms
    size: 159924
    checksum: sha256:733bc0851d34fe333574b07d8cebda15e562f5f141989d5155196cc5925797d7
    name: ninja-build
    evr: 1.10.2-6.el9
    sourcerpm: ninja-build-1.10.2-6.el9.src.rpm
  source:
  - url: https://cdn-ubi.redhat.com/content/public/ubi/dist/ubi9/9/ppc64le/appstream/source/SRPMS/Packages/r/rust-1.92.0-2.el9_8.src.rpm
    repoid: ubi-9-for-ppc64le-appstream-source-rpms
    size: 273467898
    checksum: sha256:e8ed8833688bb1cd2b79bb4a2a63f0ef299fd9d656e5015043949830c36aff97
    name: rust
    evr: 1.92.0-2.el9_8
  - url: https://cdn-ubi.redhat.com/content/public/ubi/dist/ubi9/9/ppc64le/codeready-builder/source/SRPMS/Packages/n/ninja-build-1.10.2-6.el9.src.rpm
    repoid: codeready-builder-for-ubi-9-ppc64le-source-rpms
    size: 227908
    checksum: sha256:0461eebf9c0def0b11f42b9f7e7a455a945da6cbd4796ff015eb2a1dcbae175b
    name: ninja-build
    evr: 1.10.2-6.el9
  module_metadata: []
- arch: s390x
  packages:
  - url: https://cdn-ubi.redhat.com/content/public/ubi/dist/ubi9/9/s390x/appstream/os/Packages/c/cargo-1.92.0-2.el9_8.s390x.rpm
    repoid: ubi-9-for-s390x-appstream-rpms
    size: 9510671
    checksum: sha256:36abff8ed3ffca1a7c3e4414b45e60d6cd43b68fff42b96af3c9342b03f2ce03
    name: cargo
    evr: 1.92.0-2.el9_8
    sourcerpm: rust-1.92.0-2.el9_8.src.rpm
  - url: https://cdn-ubi.redhat.com/content/public/ubi/dist/ubi9/9/s390x/appstream/os/Packages/r/rust-1.92.0-2.el9_8.s390x.rpm
    repoid: ubi-9-for-s390x-appstream-rpms
    size: 32017991
    checksum: sha256:b761813e3dce26bf8c7a88204d68a5b66182ea7633fca323b0b36fa569daffdd
    name: rust
    evr: 1.92.0-2.el9_8
    sourcerpm: rust-1.92.0-2.el9_8.src.rpm
  - url: https://cdn-ubi.redhat.com/content/public/ubi/dist/ubi9/9/s390x/appstream/os/Packages/r/rust-std-static-1.92.0-2.el9_8.s390x.rpm
    repoid: ubi-9-for-s390x-appstream-rpms
    size: 41078153
    checksum: sha256:b8cc79bcf269523834e87dcabedbf09bab8921a30eff034bb77a09bd6b7521db
    name: rust-std-static
    evr: 1.92.0-2.el9_8
    sourcerpm: rust-1.92.0-2.el9_8.src.rpm
  - url: https://cdn-ubi.redhat.com/content/public/ubi/dist/ubi9/9/s390x/codeready-builder/os/Packages/n/ninja-build-1.10.2-6.el9.s390x.rpm
    repoid: codeready-builder-for-ubi-9-s390x-rpms
    size: 148716
    checksum: sha256:cf488d4dc7518d6ca1df602e07f5d5962ad50e035a40c2b4d22865665af357fa
    name: ninja-build
    evr: 1.10.2-6.el9
    sourcerpm: ninja-build-1.10.2-6.el9.src.rpm
  source:
  - url: https://cdn-ubi.redhat.com/content/public/ubi/dist/ubi9/9/s390x/appstream/source/SRPMS/Packages/r/rust-1.92.0-2.el9_8.src.rpm
    repoid: ubi-9-for-s390x-appstream-source-rpms
    size: 273467898
    checksum: sha256:e8ed8833688bb1cd2b79bb4a2a63f0ef299fd9d656e5015043949830c36aff97
    name: rust
    evr: 1.92.0-2.el9_8
  - url: https://cdn-ubi.redhat.com/content/public/ubi/dist/ubi9/9/s390x/codeready-builder/source/SRPMS/Packages/n/ninja-build-1.10.2-6.el9.src.rpm
    repoid: codeready-builder-for-ubi-9-s390x-source-rpms
    size: 227908
    checksum: sha256:0461eebf9c0def0b11f42b9f7e7a455a945da6cbd4796ff015eb2a1dcbae175b
    name: ninja-build
    evr: 1.10.2-6.el9
  module_metadata: []
- arch: x86_64
  packages:
  - url: https://cdn-ubi.redhat.com/content/public/ubi/dist/ubi9/9/x86_64/appstream/os/Packages/c/cargo-1.92.0-2.el9_8.x86_64.rpm
    repoid: ubi-9-for-x86_64-appstream-rpms
    size: 9100896
    checksum: sha256:051f0ca74495773ec1b2247a7eb084510b10a2920f49492c8a4d970ecee8b351
    name: cargo
    evr: 1.92.0-2.el9_8
    sourcerpm: rust-1.92.0-2.el9_8.src.rpm
  - url: https://cdn-ubi.redhat.com/content/public/ubi/dist/ubi9/9/x86_64/appstream/os/Packages/r/rust-1.92.0-2.el9_8.x86_64.rpm
    repoid: ubi-9-for-x86_64-appstream-rpms
    size: 31507830
    checksum: sha256:4f94e5f41381c1b74f7ba1f2963ab877b7e97de6214bd3f457d59cda519cb74c
    name: rust
    evr: 1.92.0-2.el9_8
    sourcerpm: rust-1.92.0-2.el9_8.src.rpm
  - url: https://cdn-ubi.redhat.com/content/public/ubi/dist/ubi9/9/x86_64/appstream/os/Packages/r/rust-std-static-1.92.0-2.el9_8.x86_64.rpm
    repoid: ubi-9-for-x86_64-appstream-rpms
    size: 43004844
    checksum: sha256:eb6b77944335dbf90fc4bc204c246a50a4a7928698b97d412a6eb6ccdb3b59a3
    name: rust-std-static
    evr: 1.92.0-2.el9_8
    sourcerpm: rust-1.92.0-2.el9_8.src.rpm
  - url: https://cdn-ubi.redhat.com/content/public/ubi/dist/ubi9/9/x86_64/codeready-builder/os/Packages/n/ninja-build-1.10.2-6.el9.x86_64.rpm
    repoid: codeready-builder-for-ubi-9-x86_64-rpms
    size: 153299
    checksum: sha256:1140bec45c316942f870c28fdede79c185a2e09adc48bada42a5610783d56400
    name: ninja-build
    evr: 1.10.2-6.el9
    sourcerpm: ninja-build-1.10.2-6.el9.src.rpm
  source:
  - url: https://cdn-ubi.redhat.com/content/public/ubi/dist/ubi9/9/x86_64/appstream/source/SRPMS/Packages/r/rust-1.92.0-2.el9_8.src.rpm
    repoid: ubi-9-for-x86_64-appstream-source-rpms
    size: 273467898
    checksum: sha256:e8ed8833688bb1cd2b79bb4a2a63f0ef299fd9d656e5015043949830c36aff97
    name: rust
    evr: 1.92.0-2.el9_8
  - url: https://cdn-ubi.redhat.com/content/public/ubi/dist/ubi9/9/x86_64/codeready-builder/source/SRPMS/Packages/n/ninja-build-1.10.2-6.el9.src.rpm
    repoid: codeready-builder-for-ubi-9-x86_64-source-rpms
    size: 227908
    checksum: sha256:0461eebf9c0def0b11f42b9f7e7a455a945da6cbd4796ff015eb2a1dcbae175b
    name: ninja-build
    evr: 1.10.2-6.el9
  module_metadata: []
